
Microsoft Visual Studio Solution File, Format Version 12.00
# Visual Studio Version 17
VisualStudioVersion = 17.3.32901.215
MinimumVisualStudioVersion = 10.0.40219.1
Project("{FAE04EC0-301F-11D3-BF4B-00C04F79EFBC}") = "RPG_API", "RPG_API\RPG_API.csproj", "{6C47404C-546D-4C4A-BE7C-B06A6B5E7426}"
EndProject
Global
	GlobalSection(SolutionConfigurationPlatforms) = preSolution
		Debug|Any CPU = Debug|Any CPU
		Release|Any CPU = Release|Any CPU
	EndGlobalSection
	GlobalSection(ProjectConfigurationPlatforms) = postSolution
		{6C47404C-546D-4C4A-BE7C-B06A6B5E7426}.Debug|Any CPU.ActiveCfg = Debug|Any CPU
		{6C47404C-546D-4C4A-BE7C-B06A6B5E7426}.Debug|Any CPU.Build.0 = Debug|Any CPU
		{6C47404C-546D-4C4A-BE7C-B06A6B5E7426}.Release|Any CPU.ActiveCfg = Release|Any CPU
		{6C47404C-546D-4C4A-BE7C-B06A6B5E7426}.Release|Any CPU.Build.0 = Release|Any CPU
	EndGlobalSection
	GlobalSection(SolutionProperties) = preSolution
		HideSolutionNode = FALSE
	EndGlobalSection
	GlobalSection(ExtensibilityGlobals) = postSolution
		SolutionGuid = {73856DD5-DFD4-4278-9864-CC01EF87690B}
	EndGlobalSection
EndGlobal
